
Microsoft Visual Studio Solution File, Format Version 12.00
# Visual Studio Version 17
VisualStudioVersion = 17.1.32228.430
MinimumVisualStudioVersion = 10.0.40219.1
Project("{FAE04EC0-301F-11D3-BF4B-00C04F79EFBC}") = "Calculadora", "Calculadora\Calculadora.csproj", "{07131E00-F00A-49D1-BD2C-632FB71D7235}"
EndProject
Global
	GlobalSection(SolutionConfigurationPlatforms) = preSolution
		Debug|Any CPU = Debug|Any CPU
		Release|Any CPU = Release|Any CPU
	EndGlobalSection
	GlobalSection(ProjectConfigurationPlatforms) = postSolution
		{07131E00-F00A-49D1-BD2C-632FB71D7235}.Debug|Any CPU.ActiveCfg = Debug|Any CPU
		{07131E00-F00A-49D1-BD2C-632FB71D7235}.Debug|Any CPU.Build.0 = Debug|Any CPU
		{07131E00-F00A-49D1-BD2C-632FB71D7235}.Release|Any CPU.ActiveCfg = Release|Any CPU
		{07131E00-F00A-49D1-BD2C-632FB71D7235}.Release|Any CPU.Build.0 = Release|Any CPU
	EndGlobalSection
	GlobalSection(SolutionProperties) = preSolution
		HideSolutionNode = FALSE
	EndGlobalSection
	GlobalSection(ExtensibilityGlobals) = postSolution
		SolutionGuid = {33C213EA-9EAA-45E9-8C6F-539A39747042}
	EndGlobalSection
EndGlobal
